
Microsoft Visual Studio Solution File, Format Version 12.00
# Visual Studio Version 16
VisualStudioVersion = 16.0.32413.511
MinimumVisualStudioVersion = 10.0.40219.1
Project("{FAE04EC0-301F-11D3-BF4B-00C04F79EFBC}") = "EDMCrud", "EDMCrud\EDMCrud.csproj", "{BA4D8CC8-065A-48F2-891C-AE829E745ACC}"
EndProject
Global
	GlobalSection(SolutionConfigurationPlatforms) = preSolution
		Debug|Any CPU = Debug|Any CPU
		Release|Any CPU = Release|Any CPU
	EndGlobalSection
	GlobalSection(ProjectConfigurationPlatforms) = postSolution
		{BA4D8CC8-065A-48F2-891C-AE829E745ACC}.Debug|Any CPU.ActiveCfg = Debug|Any CPU
		{BA4D8CC8-065A-48F2-891C-AE829E745ACC}.Debug|Any CPU.Build.0 = Debug|Any CPU
		{BA4D8CC8-065A-48F2-891C-AE829E745ACC}.Release|Any CPU.ActiveCfg = Release|Any CPU
		{BA4D8CC8-065A-48F2-891C-AE829E745ACC}.Release|Any CPU.Build.0 = Release|Any CPU
	EndGlobalSection
	GlobalSection(SolutionProperties) = preSolution
		HideSolutionNode = FALSE
	EndGlobalSection
	GlobalSection(ExtensibilityGlobals) = postSolution
		SolutionGuid = {A3F4EE01-827D-4A59-AEAD-73583A37C467}
	EndGlobalSection
EndGlobal
