
Microsoft Visual Studio Solution File, Format Version 12.00
# Visual Studio Version 16
VisualStudioVersion = 16.0.32413.511
MinimumVisualStudioVersion = 10.0.40219.1
Project("{FAE04EC0-301F-11D3-BF4B-00C04F79EFBC}") = "StateManagement", "StateManagement\StateManagement.csproj", "{11F83B54-3419-4301-9CFB-F0F158E23A1F}"
EndProject
Global
	GlobalSection(SolutionConfigurationPlatforms) = preSolution
		Debug|Any CPU = Debug|Any CPU
		Release|Any CPU = Release|Any CPU
	EndGlobalSection
	GlobalSection(ProjectConfigurationPlatforms) = postSolution
		{11F83B54-3419-4301-9CFB-F0F158E23A1F}.Debug|Any CPU.ActiveCfg = Debug|Any CPU
		{11F83B54-3419-4301-9CFB-F0F158E23A1F}.Debug|Any CPU.Build.0 = Debug|Any CPU
		{11F83B54-3419-4301-9CFB-F0F158E23A1F}.Release|Any CPU.ActiveCfg = Release|Any CPU
		{11F83B54-3419-4301-9CFB-F0F158E23A1F}.Release|Any CPU.Build.0 = Release|Any CPU
	EndGlobalSection
	GlobalSection(SolutionProperties) = preSolution
		HideSolutionNode = FALSE
	EndGlobalSection
	GlobalSection(ExtensibilityGlobals) = postSolution
		SolutionGuid = {0BCB2B07-3B3F-4491-87F8-EF3D98C54F52}
	EndGlobalSection
EndGlobal
